
Microsoft Visual Studio Solution File, Format Version 12.00
Project("{2150E333-8FDC-42A3-9474-1A3956D46DE8}") = "Core", "Core", "{6AD59D8C-521B-40D6-BE16-B846F9BEBCE7}"
EndProject
Project("{FAE04EC0-301F-11D3-BF4B-00C04F79EFBC}") = "Domain", "Core\Domain\Domain.csproj", "{41C73181-0C4D-457A-8F2A-073E9B3C479E}"
EndProject
Project("{FAE04EC0-301F-11D3-BF4B-00C04F79EFBC}") = "Application", "Core\Application\Application.csproj", "{5F6E554D-DC51-4DB7-BD6E-93B45B393950}"
EndProject
Project("{2150E333-8FDC-42A3-9474-1A3956D46DE8}") = "Infrastructure", "Infrastructure", "{A9E2E10C-3AAE-4F1F-8921-3D53E69F3B11}"
EndProject
Project("{FAE04EC0-301F-11D3-BF4B-00C04F79EFBC}") = "Infrastructure", "Infrastructure\Infrastructure\Infrastructure.csproj", "{DB2E99E4-1668-4CA6-A96D-D00A764D1EB9}"
EndProject
Project("{FAE04EC0-301F-11D3-BF4B-00C04F79EFBC}") = "Persistence", "Infrastructure\Persistence\Persistence.csproj", "{0BECFA16-FBD3-483F-84A6-565EF62F9AB3}"
EndProject
Project("{2150E333-8FDC-42A3-9474-1A3956D46DE8}") = "Presentation", "Presentation", "{47CB8FBC-98A4-40D8-9FEF-B6C79FA54CE6}"
EndProject
Project("{FAE04EC0-301F-11D3-BF4B-00C04F79EFBC}") = "API", "Presentation\API\API.csproj", "{24A061DD-6199-4F33-875A-6FD94347B85E}"
EndProject
Project("{FAE04EC0-301F-11D3-BF4B-00C04F79EFBC}") = "SignalR", "Infrastructure\SignalR\SignalR.csproj", "{570E2D97-2A5A-4D66-9D18-FB1F8CA0C2DB}"
EndProject
Global
	GlobalSection(SolutionConfigurationPlatforms) = preSolution
		Debug|Any CPU = Debug|Any CPU
		Release|Any CPU = Release|Any CPU
	EndGlobalSection
	GlobalSection(ProjectConfigurationPlatforms) = postSolution
		{41C73181-0C4D-457A-8F2A-073E9B3C479E}.Debug|Any CPU.ActiveCfg = Debug|Any CPU
		{41C73181-0C4D-457A-8F2A-073E9B3C479E}.Debug|Any CPU.Build.0 = Debug|Any CPU
		{41C73181-0C4D-457A-8F2A-073E9B3C479E}.Release|Any CPU.ActiveCfg = Release|Any CPU
		{41C73181-0C4D-457A-8F2A-073E9B3C479E}.Release|Any CPU.Build.0 = Release|Any CPU
		{5F6E554D-DC51-4DB7-BD6E-93B45B393950}.Debug|Any CPU.ActiveCfg = Debug|Any CPU
		{5F6E554D-DC51-4DB7-BD6E-93B45B393950}.Debug|Any CPU.Build.0 = Debug|Any CPU
		{5F6E554D-DC51-4DB7-BD6E-93B45B393950}.Release|Any CPU.ActiveCfg = Release|Any CPU
		{5F6E554D-DC51-4DB7-BD6E-93B45B393950}.Release|Any CPU.Build.0 = Release|Any CPU
		{DB2E99E4-1668-4CA6-A96D-D00A764D1EB9}.Debug|Any CPU.ActiveCfg = Debug|Any CPU
		{DB2E99E4-1668-4CA6-A96D-D00A764D1EB9}.Debug|Any CPU.Build.0 = Debug|Any CPU
		{DB2E99E4-1668-4CA6-A96D-D00A764D1EB9}.Release|Any CPU.ActiveCfg = Release|Any CPU
		{DB2E99E4-1668-4CA6-A96D-D00A764D1EB9}.Release|Any CPU.Build.0 = Release|Any CPU
		{0BECFA16-FBD3-483F-84A6-565EF62F9AB3}.Debug|Any CPU.ActiveCfg = Debug|Any CPU
		{0BECFA16-FBD3-483F-84A6-565EF62F9AB3}.Debug|Any CPU.Build.0 = Debug|Any CPU
		{0BECFA16-FBD3-483F-84A6-565EF62F9AB3}.Release|Any CPU.ActiveCfg = Release|Any CPU
		{0BECFA16-FBD3-483F-84A6-565EF62F9AB3}.Release|Any CPU.Build.0 = Release|Any CPU
		{24A061DD-6199-4F33-875A-6FD94347B85E}.Debug|Any CPU.ActiveCfg = Debug|Any CPU
		{24A061DD-6199-4F33-875A-6FD94347B85E}.Debug|Any CPU.Build.0 = Debug|Any CPU
		{24A061DD-6199-4F33-875A-6FD94347B85E}.Release|Any CPU.ActiveCfg = Release|Any CPU
		{24A061DD-6199-4F33-875A-6FD94347B85E}.Release|Any CPU.Build.0 = Release|Any CPU
		{570E2D97-2A5A-4D66-9D18-FB1F8CA0C2DB}.Debug|Any CPU.ActiveCfg = Debug|Any CPU
		{570E2D97-2A5A-4D66-9D18-FB1F8CA0C2DB}.Debug|Any CPU.Build.0 = Debug|Any CPU
		{570E2D97-2A5A-4D66-9D18-FB1F8CA0C2DB}.Release|Any CPU.ActiveCfg = Release|Any CPU
		{570E2D97-2A5A-4D66-9D18-FB1F8CA0C2DB}.Release|Any CPU.Build.0 = Release|Any CPU
	EndGlobalSection
	GlobalSection(NestedProjects) = preSolution
		{41C73181-0C4D-457A-8F2A-073E9B3C479E} = {6AD59D8C-521B-40D6-BE16-B846F9BEBCE7}
		{5F6E554D-DC51-4DB7-BD6E-93B45B393950} = {6AD59D8C-521B-40D6-BE16-B846F9BEBCE7}
		{DB2E99E4-1668-4CA6-A96D-D00A764D1EB9} = {A9E2E10C-3AAE-4F1F-8921-3D53E69F3B11}
		{0BECFA16-FBD3-483F-84A6-565EF62F9AB3} = {A9E2E10C-3AAE-4F1F-8921-3D53E69F3B11}
		{24A061DD-6199-4F33-875A-6FD94347B85E} = {47CB8FBC-98A4-40D8-9FEF-B6C79FA54CE6}
		{570E2D97-2A5A-4D66-9D18-FB1F8CA0C2DB} = {A9E2E10C-3AAE-4F1F-8921-3D53E69F3B11}
	EndGlobalSection
EndGlobal
